
Microsoft Visual Studio Solution File, Format Version 12.00
# Visual Studio 2013
VisualStudioVersion = 12.0.31101.0
MinimumVisualStudioVersion = 10.0.40219.1
Project("{FAE04EC0-301F-11D3-BF4B-00C04F79EFBC}") = "WorkflowCompiler", "WorkflowCompiler\WorkflowCompiler.csproj", "{1B29C35C-3403-48D3-95CD-F1C70F29ED7A}"
EndProject
Project("{FAE04EC0-301F-11D3-BF4B-00C04F79EFBC}") = "ActivityLibrary", "ActivityLibrary\ActivityLibrary.csproj", "{C031545A-7DE3-4ECD-ADD9-226FE98694FB}"
EndProject
Project("{FAE04EC0-301F-11D3-BF4B-00C04F79EFBC}") = "WorkflowRunner", "WorkflowRunner\WorkflowRunner.csproj", "{6BC79966-930B-47F0-9B81-09E1018BD936}"
EndProject
Project("{FAE04EC0-301F-11D3-BF4B-00C04F79EFBC}") = "Workflow.Designer", "WorkflowDesigner\Workflow.Designer.csproj", "{71539E95-205D-4D20-89E6-BF8411AE6970}"
EndProject
Global
	GlobalSection(SolutionConfigurationPlatforms) = preSolution
		Debug|Any CPU = Debug|Any CPU
		Release|Any CPU = Release|Any CPU
	EndGlobalSection
	GlobalSection(ProjectConfigurationPlatforms) = postSolution
		{1B29C35C-3403-48D3-95CD-F1C70F29ED7A}.Debug|Any CPU.ActiveCfg = Debug|Any CPU
		{1B29C35C-3403-48D3-95CD-F1C70F29ED7A}.Debug|Any CPU.Build.0 = Debug|Any CPU
		{1B29C35C-3403-48D3-95CD-F1C70F29ED7A}.Release|Any CPU.ActiveCfg = Release|Any CPU
		{1B29C35C-3403-48D3-95CD-F1C70F29ED7A}.Release|Any CPU.Build.0 = Release|Any CPU
		{C031545A-7DE3-4ECD-ADD9-226FE98694FB}.Debug|Any CPU.ActiveCfg = Debug|Any CPU
		{C031545A-7DE3-4ECD-ADD9-226FE98694FB}.Debug|Any CPU.Build.0 = Debug|Any CPU
		{C031545A-7DE3-4ECD-ADD9-226FE98694FB}.Release|Any CPU.ActiveCfg = Release|Any CPU
		{C031545A-7DE3-4ECD-ADD9-226FE98694FB}.Release|Any CPU.Build.0 = Release|Any CPU
		{6BC79966-930B-47F0-9B81-09E1018BD936}.Debug|Any CPU.ActiveCfg = Debug|Any CPU
		{6BC79966-930B-47F0-9B81-09E1018BD936}.Debug|Any CPU.Build.0 = Debug|Any CPU
		{6BC79966-930B-47F0-9B81-09E1018BD936}.Release|Any CPU.ActiveCfg = Release|Any CPU
		{6BC79966-930B-47F0-9B81-09E1018BD936}.Release|Any CPU.Build.0 = Release|Any CPU
		{71539E95-205D-4D20-89E6-BF8411AE6970}.Debug|Any CPU.ActiveCfg = Debug|Any CPU
		{71539E95-205D-4D20-89E6-BF8411AE6970}.Debug|Any CPU.Build.0 = Debug|Any CPU
		{71539E95-205D-4D20-89E6-BF8411AE6970}.Release|Any CPU.ActiveCfg = Release|Any CPU
		{71539E95-205D-4D20-89E6-BF8411AE6970}.Release|Any CPU.Build.0 = Release|Any CPU
	EndGlobalSection
	GlobalSection(SolutionProperties) = preSolution
		HideSolutionNode = FALSE
	EndGlobalSection
EndGlobal
